
Microsoft Visual Studio Solution File, Format Version 12.00
# Visual Studio Version 17
VisualStudioVersion = 17.7.34024.191
MinimumVisualStudioVersion = 10.0.40219.1
Project("{FAE04EC0-301F-11D3-BF4B-00C04F79EFBC}") = "APICatalogo", "APICatalogo\APICatalogo.csproj", "{2681A93A-EA50-4736-AE70-2BA50063AC58}"
EndProject
Global
	GlobalSection(SolutionConfigurationPlatforms) = preSolution
		Debug|Any CPU = Debug|Any CPU
		Release|Any CPU = Release|Any CPU
	EndGlobalSection
	GlobalSection(ProjectConfigurationPlatforms) = postSolution
		{2681A93A-EA50-4736-AE70-2BA50063AC58}.Debug|Any CPU.ActiveCfg = Debug|Any CPU
		{2681A93A-EA50-4736-AE70-2BA50063AC58}.Debug|Any CPU.Build.0 = Debug|Any CPU
		{2681A93A-EA50-4736-AE70-2BA50063AC58}.Release|Any CPU.ActiveCfg = Release|Any CPU
		{2681A93A-EA50-4736-AE70-2BA50063AC58}.Release|Any CPU.Build.0 = Release|Any CPU
	EndGlobalSection
	GlobalSection(SolutionProperties) = preSolution
		HideSolutionNode = FALSE
	EndGlobalSection
	GlobalSection(ExtensibilityGlobals) = postSolution
		SolutionGuid = {115E8BD2-6B66-48ED-A049-2DD021E106E9}
	EndGlobalSection
EndGlobal
